
Microsoft Visual Studio Solution File, Format Version 12.00
# Visual Studio 15
VisualStudioVersion = 15.0.28307.902
MinimumVisualStudioVersion = 10.0.40219.1
Project("{FAE04EC0-301F-11D3-BF4B-00C04F79EFBC}") = "SRMS", "SRMS\SRMS.csproj", "{1FBBECBB-2A11-4141-8225-E12C01CC31E3}"
EndProject
Global
	GlobalSection(SolutionConfigurationPlatforms) = preSolution
		Debug|Any CPU = Debug|Any CPU
		Release|Any CPU = Release|Any CPU
	EndGlobalSection
	GlobalSection(ProjectConfigurationPlatforms) = postSolution
		{1FBBECBB-2A11-4141-8225-E12C01CC31E3}.Debug|Any CPU.ActiveCfg = Debug|Any CPU
		{1FBBECBB-2A11-4141-8225-E12C01CC31E3}.Debug|Any CPU.Build.0 = Debug|Any CPU
		{1FBBECBB-2A11-4141-8225-E12C01CC31E3}.Release|Any CPU.ActiveCfg = Debug|Any CPU
	EndGlobalSection
	GlobalSection(SolutionProperties) = preSolution
		HideSolutionNode = FALSE
	EndGlobalSection
	GlobalSection(ExtensibilityGlobals) = postSolution
		SolutionGuid = {37CAC18D-FD63-4992-97C3-EFDF28C122A6}
	EndGlobalSection
EndGlobal
